// !$*UTF8*$!
{
	archiveVersion = 1;
	classes = {
	};
	objectVersion = 48;
	objects = {

/* Begin PBXBuildFile section */
		958B71212079E3260035F0D6 /* AppDelegate.swift in Sources */ = {isa = PBXBuildFile; fileRef = 958B71202079E3260035F0D6 /* AppDelegate.swift */; };
		958B71232079E3260035F0D6 /* AppListViewController.swift in Sources */ = {isa = PBXBuildFile; fileRef = 958B71222079E3260035F0D6 /* AppListViewController.swift */; };
		958B71262079E3260035F0D6 /* Main.storyboard in Resources */ = {isa = PBXBuildFile; fileRef = 958B71242079E3260035F0D6 /* Main.storyboard */; };
		958B71282079E3260035F0D6 /* Assets.xcassets in Resources */ = {isa = PBXBuildFile; fileRef = 958B71272079E3260035F0D6 /* Assets.xcassets */; };
		958B712B2079E3260035F0D6 /* LaunchScreen.storyboard in Resources */ = {isa = PBXBuildFile; fileRef = 958B71292079E3260035F0D6 /* LaunchScreen.storyboard */; };
		958B71362079E3270035F0D6 /* AppStoreTests.swift in Sources */ = {isa = PBXBuildFile; fileRef = 958B71352079E3270035F0D6 /* AppStoreTests.swift */; };
		958B71412079E3270035F0D6 /* AppStoreUITests.swift in Sources */ = {isa = PBXBuildFile; fileRef = 958B71402079E3270035F0D6 /* AppStoreUITests.swift */; };
		958B7150207A61C60035F0D6 /* DataUtil.swift in Sources */ = {isa = PBXBuildFile; fileRef = 958B714F207A61C60035F0D6 /* DataUtil.swift */; };
		958B7154207B50230035F0D6 /* FreeFinanceApp.swift in Sources */ = {isa = PBXBuildFile; fileRef = 958B7153207B50230035F0D6 /* FreeFinanceApp.swift */; };
		9590478D207D191100C1DB28 /* AppDetailViewController.swift in Sources */ = {isa = PBXBuildFile; fileRef = 9590478C207D191100C1DB28 /* AppDetailViewController.swift */; };
		95904790207D30ED00C1DB28 /* AppDetialInfo.swift in Sources */ = {isa = PBXBuildFile; fileRef = 9590478F207D30ED00C1DB28 /* AppDetialInfo.swift */; };
		95CD0D47207C68F8006A868E /* AppTableCell.swift in Sources */ = {isa = PBXBuildFile; fileRef = 95CD0D46207C68F8006A868E /* AppTableCell.swift */; };
/* End PBXBuildFile section */

/* Begin PBXContainerItemProxy section */
		958B71322079E3270035F0D6 /* PBXContainerItemProxy */ = {
			isa = PBXContainerItemProxy;
			containerPortal = 958B71152079E3260035F0D6 /* Project object */;
			proxyType = 1;
			remoteGlobalIDString = 958B711C2079E3260035F0D6;
			remoteInfo = AppStore;
		};
		958B713D2079E3270035F0D6 /* PBXContainerItemProxy */ = {
			isa = PBXContainerItemProxy;
			containerPortal = 958B71152079E3260035F0D6 /* Project object */;
			proxyType = 1;
			remoteGlobalIDString = 958B711C2079E3260035F0D6;
			remoteInfo = AppStore;
		};
/* End PBXContainerItemProxy section */

/* Begin PBXFileReference section */
		958B711D2079E3260035F0D6 /* AppStore.app */ = {isa = PBXFileReference; explicitFileType = wrapper.application; includeInIndex = 0; path = AppStore.app; sourceTree = BUILT_PRODUCTS_DIR; };
		958B71202079E3260035F0D6 /* AppDelegate.swift */ = {isa = PBXFileReference; lastKnownFileType = sourcecode.swift; path = AppDelegate.swift; sourceTree = "<group>"; };
		958B71222079E3260035F0D6 /* AppListViewController.swift */ = {isa = PBXFileReference; lastKnownFileType = sourcecode.swift; path = AppListViewController.swift; sourceTree = "<group>"; };
		958B71252079E3260035F0D6 /* Base */ = {isa = PBXFileReference; lastKnownFileType = file.storyboard; name = Base; path = Base.lproj/Main.storyboard; sourceTree = "<group>"; };
		958B71272079E3260035F0D6 /* Assets.xcassets */ = {isa = PBXFileReference; lastKnownFileType = folder.assetcatalog; path = Assets.xcassets; sourceTree = "<group>"; };
		958B712A2079E3260035F0D6 /* Base */ = {isa = PBXFileReference; lastKnownFileType = file.storyboard; name = Base; path = Base.lproj/LaunchScreen.storyboard; sourceTree = "<group>"; };
		958B712C2079E3260035F0D6 /* Info.plist */ = {isa = PBXFileReference; lastKnownFileType = text.plist.xml; path = Info.plist; sourceTree = "<group>"; };
		958B71312079E3270035F0D6 /* AppStoreTests.xctest */ = {isa = PBXFileReference; explicitFileType = wrapper.cfbundle; includeInIndex = 0; path = AppStoreTests.xctest; sourceTree = BUILT_PRODUCTS_DIR; };
		958B71352079E3270035F0D6 /* AppStoreTests.swift */ = {isa = PBXFileReference; lastKnownFileType = sourcecode.swift; path = AppStoreTests.swift; sourceTree = "<group>"; };
		958B71372079E3270035F0D6 /* Info.plist */ = {isa = PBXFileReference; lastKnownFileType = text.plist.xml; path = Info.plist; sourceTree = "<group>"; };
		958B713C2079E3270035F0D6 /* AppStoreUITests.xctest */ = {isa = PBXFileReference; explicitFileType = wrapper.cfbundle; includeInIndex = 0; path = AppStoreUITests.xctest; sourceTree = BUILT_PRODUCTS_DIR; };
		958B71402079E3270035F0D6 /* AppStoreUITests.swift */ = {isa = PBXFileReference; lastKnownFileType = sourcecode.swift; path = AppStoreUITests.swift; sourceTree = "<group>"; };
		958B71422079E3270035F0D6 /* Info.plist */ = {isa = PBXFileReference; lastKnownFileType = text.plist.xml; path = Info.plist; sourceTree = "<group>"; };
		958B714F207A61C60035F0D6 /* DataUtil.swift */ = {isa = PBXFileReference; lastKnownFileType = sourcecode.swift; path = DataUtil.swift; sourceTree = "<group>"; };
		958B7153207B50230035F0D6 /* FreeFinanceApp.swift */ = {isa = PBXFileReference; lastKnownFileType = sourcecode.swift; path = FreeFinanceApp.swift; sourceTree = "<group>"; };
		9590478C207D191100C1DB28 /* AppDetailViewController.swift */ = {isa = PBXFileReference; lastKnownFileType = sourcecode.swift; path = AppDetailViewController.swift; sourceTree = "<group>"; };
		9590478F207D30ED00C1DB28 /* AppDetialInfo.swift */ = {isa = PBXFileReference; lastKnownFileType = sourcecode.swift; path = AppDetialInfo.swift; sourceTree = "<group>"; };
		95CD0D46207C68F8006A868E /* AppTableCell.swift */ = {isa = PBXFileReference; lastKnownFileType = sourcecode.swift; path = AppTableCell.swift; sourceTree = "<group>"; };
/* End PBXFileReference section */

/* Begin PBXFrameworksBuildPhase section */
		958B711A2079E3260035F0D6 /* Frameworks */ = {
			isa = PBXFrameworksBuildPhase;
			buildActionMask = 2147483647;
			files = (
			);
			runOnlyForDeploymentPostprocessing = 0;
		};
		958B712E2079E3270035F0D6 /* Frameworks */ = {
			isa = PBXFrameworksBuildPhase;
			buildActionMask = 2147483647;
			files = (
			);
			runOnlyForDeploymentPostprocessing = 0;
		};
		958B71392079E3270035F0D6 /* Frameworks */ = {
			isa = PBXFrameworksBuildPhase;
			buildActionMask = 2147483647;
			files = (
			);
			runOnlyForDeploymentPostprocessing = 0;
		};
/* End PBXFrameworksBuildPhase section */

/* Begin PBXGroup section */
		958B71142079E3260035F0D6 = {
			isa = PBXGroup;
			children = (
				958B711F2079E3260035F0D6 /* AppStore */,
				958B71342079E3270035F0D6 /* AppStoreTests */,
				958B713F2079E3270035F0D6 /* AppStoreUITests */,
				958B711E2079E3260035F0D6 /* Products */,
			);
			sourceTree = "<group>";
		};
		958B711E2079E3260035F0D6 /* Products */ = {
			isa = PBXGroup;
			children = (
				958B711D2079E3260035F0D6 /* AppStore.app */,
				958B71312079E3270035F0D6 /* AppStoreTests.xctest */,
				958B713C2079E3270035F0D6 /* AppStoreUITests.xctest */,
			);
			name = Products;
			sourceTree = "<group>";
		};
		958B711F2079E3260035F0D6 /* AppStore */ = {
			isa = PBXGroup;
			children = (
				958B71202079E3260035F0D6 /* AppDelegate.swift */,
				958B71222079E3260035F0D6 /* AppListViewController.swift */,
				95CD0D46207C68F8006A868E /* AppTableCell.swift */,
				9590478C207D191100C1DB28 /* AppDetailViewController.swift */,
				9590478E207D309400C1DB28 /* Detail */,
				958B7152207B4FED0035F0D6 /* Entry */,
				958B714E2079FD330035F0D6 /* Util */,
				958B71242079E3260035F0D6 /* Main.storyboard */,
				958B71272079E3260035F0D6 /* Assets.xcassets */,
				958B71292079E3260035F0D6 /* LaunchScreen.storyboard */,
				958B712C2079E3260035F0D6 /* Info.plist */,
			);
			path = AppStore;
			sourceTree = "<group>";
		};
		958B71342079E3270035F0D6 /* AppStoreTests */ = {
			isa = PBXGroup;
			children = (
				958B71352079E3270035F0D6 /* AppStoreTests.swift */,
				958B71372079E3270035F0D6 /* Info.plist */,
			);
			path = AppStoreTests;
			sourceTree = "<group>";
		};
		958B713F2079E3270035F0D6 /* AppStoreUITests */ = {
			isa = PBXGroup;
			children = (
				958B71402079E3270035F0D6 /* AppStoreUITests.swift */,
				958B71422079E3270035F0D6 /* Info.plist */,
			);
			path = AppStoreUITests;
			sourceTree = "<group>";
		};
		958B714E2079FD330035F0D6 /* Util */ = {
			isa = PBXGroup;
			children = (
				958B714F207A61C60035F0D6 /* DataUtil.swift */,
			);
			path = Util;
			sourceTree = "<group>";
		};
		958B7152207B4FED0035F0D6 /* Entry */ = {
			isa = PBXGroup;
			children = (
				958B7153207B50230035F0D6 /* FreeFinanceApp.swift */,
			);
			path = Entry;
			sourceTree = "<group>";
		};
		9590478E207D309400C1DB28 /* Detail */ = {
			isa = PBXGroup;
			children = (
				9590478F207D30ED00C1DB28 /* AppDetialInfo.swift */,
			);
			path = Detail;
			sourceTree = "<group>";
		};
/* End PBXGroup section */

/* Begin PBXNativeTarget section */
		958B711C2079E3260035F0D6 /* AppStore */ = {
			isa = PBXNativeTarget;
			buildConfigurationList = 958B71452079E3270035F0D6 /* Build configuration list for PBXNativeTarget "AppStore" */;
			buildPhases = (
				958B71192079E3260035F0D6 /* Sources */,
				958B711A2079E3260035F0D6 /* Frameworks */,
				958B711B2079E3260035F0D6 /* Resources */,
			);
			buildRules = (
			);
			dependencies = (
			);
			name = AppStore;
			productName = AppStore;
			productReference = 958B711D2079E3260035F0D6 /* AppStore.app */;
			productType = "com.apple.product-type.application";
		};
		958B71302079E3270035F0D6 /* AppStoreTests */ = {
			isa = PBXNativeTarget;
			buildConfigurationList = 958B71482079E3270035F0D6 /* Build configuration list for PBXNativeTarget "AppStoreTests" */;
			buildPhases = (
				958B712D2079E3270035F0D6 /* Sources */,
				958B712E2079E3270035F0D6 /* Frameworks */,
				958B712F2079E3270035F0D6 /* Resources */,
			);
			buildRules = (
			);
			dependencies = (
				958B71332079E3270035F0D6 /* PBXTargetDependency */,
			);
			name = AppStoreTests;
			productName = AppStoreTests;
			productReference = 958B71312079E3270035F0D6 /* AppStoreTests.xctest */;
			productType = "com.apple.product-type.bundle.unit-test";
		};
		958B713B2079E3270035F0D6 /* AppStoreUITests */ = {
			isa = PBXNativeTarget;
			buildConfigurationList = 958B714B2079E3270035F0D6 /* Build configuration list for PBXNativeTarget "AppStoreUITests" */;
			buildPhases = (
				958B71382079E3270035F0D6 /* Sources */,
				958B71392079E3270035F0D6 /* Frameworks */,
				958B713A2079E3270035F0D6 /* Resources */,
			);
			buildRules = (
			);
			dependencies = (
				958B713E2079E3270035F0D6 /* PBXTargetDependency */,
			);
			name = AppStoreUITests;
			productName = AppStoreUITests;
			productReference = 958B713C2079E3270035F0D6 /* AppStoreUITests.xctest */;
			productType = "com.apple.product-type.bundle.ui-testing";
		};
/* End PBXNativeTarget section */

/* Begin PBXProject section */
		958B71152079E3260035F0D6 /* Project object */ = {
			isa = PBXProject;
			attributes = {
				LastSwiftUpdateCheck = 0910;
				LastUpgradeCheck = 0910;
				ORGANIZATIONNAME = "HoSeong Choi";
				TargetAttributes = {
					958B711C2079E3260035F0D6 = {
						CreatedOnToolsVersion = 9.1;
						ProvisioningStyle = Automatic;
					};
					958B71302079E3270035F0D6 = {
						CreatedOnToolsVersion = 9.1;
						ProvisioningStyle = Automatic;
						TestTargetID = 958B711C2079E3260035F0D6;
					};
					958B713B2079E3270035F0D6 = {
						CreatedOnToolsVersion = 9.1;
						ProvisioningStyle = Automatic;
						TestTargetID = 958B711C2079E3260035F0D6;
					};
				};
			};
			buildConfigurationList = 958B71182079E3260035F0D6 /* Build configuration list for PBXProject "AppStore" */;
			compatibilityVersion = "Xcode 8.0";
			developmentRegion = en;
			hasScannedForEncodings = 0;
			knownRegions = (
				en,
				Base,
			);
			mainGroup = 958B71142079E3260035F0D6;
			productRefGroup = 958B711E2079E3260035F0D6 /* Products */;
			projectDirPath = "";
			projectRoot = "";
			targets = (
				958B711C2079E3260035F0D6 /* AppStore */,
				958B71302079E3270035F0D6 /* AppStoreTests */,
				958B713B2079E3270035F0D6 /* AppStoreUITests */,
			);
		};
/* End PBXProject section */

/* Begin PBXResourcesBuildPhase section */
		958B711B2079E3260035F0D6 /* Resources */ = {
			isa = PBXResourcesBuildPhase;
			buildActionMask = 2147483647;
			files = (
				958B712B2079E3260035F0D6 /* LaunchScreen.storyboard in Resources */,
				958B71282079E3260035F0D6 /* Assets.xcassets in Resources */,
				958B71262079E3260035F0D6 /* Main.storyboard in Resources */,
			);
			runOnlyForDeploymentPostprocessing = 0;
		};
		958B712F2079E3270035F0D6 /* Resources */ = {
			isa = PBXResourcesBuildPhase;
			buildActionMask = 2147483647;
			files = (
			);
			runOnlyForDeploymentPostprocessing = 0;
		};
		958B713A2079E3270035F0D6 /* Resources */ = {
			isa = PBXResourcesBuildPhase;
			buildActionMask = 2147483647;
			files = (
			);
			runOnlyForDeploymentPostprocessing = 0;
		};
/* End PBXResourcesBuildPhase section */

/* Begin PBXSourcesBuildPhase section */
		958B71192079E3260035F0D6 /* Sources */ = {
			isa = PBXSourcesBuildPhase;
			buildActionMask = 2147483647;
			files = (
				958B71232079E3260035F0D6 /* AppListViewController.swift in Sources */,
				95904790207D30ED00C1DB28 /* AppDetialInfo.swift in Sources */,
				958B7150207A61C60035F0D6 /* DataUtil.swift in Sources */,
				958B7154207B50230035F0D6 /* FreeFinanceApp.swift in Sources */,
				9590478D207D191100C1DB28 /* AppDetailViewController.swift in Sources */,
				95CD0D47207C68F8006A868E /* AppTableCell.swift in Sources */,
				958B71212079E3260035F0D6 /* AppDelegate.swift in Sources */,
			);
			runOnlyForDeploymentPostprocessing = 0;
		};
		958B712D2079E3270035F0D6 /* Sources */ = {
			isa = PBXSourcesBuildPhase;
			buildActionMask = 2147483647;
			files = (
				958B71362079E3270035F0D6 /* AppStoreTests.swift in Sources */,
			);
			runOnlyForDeploymentPostprocessing = 0;
		};
		958B71382079E3270035F0D6 /* Sources */ = {
			isa = PBXSourcesBuildPhase;
			buildActionMask = 2147483647;
			files = (
				958B71412079E3270035F0D6 /* AppStoreUITests.swift in Sources */,
			);
			runOnlyForDeploymentPostprocessing = 0;
		};
/* End PBXSourcesBuildPhase section */

/* Begin PBXTargetDependency section */
		958B71332079E3270035F0D6 /* PBXTargetDependency */ = {
			isa = PBXTargetDependency;
			target = 958B711C2079E3260035F0D6 /* AppStore */;
			targetProxy = 958B71322079E3270035F0D6 /* PBXContainerItemProxy */;
		};
		958B713E2079E3270035F0D6 /* PBXTargetDependency */ = {
			isa = PBXTargetDependency;
			target = 958B711C2079E3260035F0D6 /* AppStore */;
			targetProxy = 958B713D2079E3270035F0D6 /* PBXContainerItemProxy */;
		};
/* End PBXTargetDependency section */

/* Begin PBXVariantGroup section */
		958B71242079E3260035F0D6 /* Main.storyboard */ = {
			isa = PBXVariantGroup;
			children = (
				958B71252079E3260035F0D6 /* Base */,
			);
			name = Main.storyboard;
			sourceTree = "<group>";
		};
		958B71292079E3260035F0D6 /* LaunchScreen.storyboard */ = {
			isa = PBXVariantGroup;
			children = (
				958B712A2079E3260035F0D6 /* Base */,
			);
			name = LaunchScreen.storyboard;
			sourceTree = "<group>";
		};
/* End PBXVariantGroup section */

/* Begin XCBuildConfiguration section */
		958B71432079E3270035F0D6 /* Debug */ = {
			isa = XCBuildConfiguration;
			buildSettings = {
				ALWAYS_SEARCH_USER_PATHS = NO;
				CLANG_ANALYZER_NONNULL = YES;
				CLANG_ANALYZER_NUMBER_OBJECT_CONVERSION = YES_AGGRESSIVE;
				CLANG_CXX_LANGUAGE_STANDARD = "gnu++14";
				CLANG_CXX_LIBRARY = "libc++";
				CLANG_ENABLE_MODULES = YES;
				CLANG_ENABLE_OBJC_ARC = YES;
				CLANG_WARN_BLOCK_CAPTURE_AUTORELEASING = YES;
				CLANG_WARN_BOOL_CONVERSION = YES;
				CLANG_WARN_COMMA = YES;
				CLANG_WARN_CONSTANT_CONVERSION = YES;
				CLANG_WARN_DIRECT_OBJC_ISA_USAGE = YES_ERROR;
				CLANG_WARN_DOCUMENTATION_COMMENTS = YES;
				CLANG_WARN_EMPTY_BODY = YES;
				CLANG_WARN_ENUM_CONVERSION = YES;
				CLANG_WARN_INFINITE_RECURSION = YES;
				CLANG_WARN_INT_CONVERSION = YES;
				CLANG_WARN_NON_LITERAL_NULL_CONVERSION = YES;
				CLANG_WARN_OBJC_LITERAL_CONVERSION = YES;
				CLANG_WARN_OBJC_ROOT_CLASS = YES_ERROR;
				CLANG_WARN_RANGE_LOOP_ANALYSIS = YES;
				CLANG_WARN_STRICT_PROTOTYPES = YES;
				CLANG_WARN_SUSPICIOUS_MOVE = YES;
				CLANG_WARN_UNGUARDED_AVAILABILITY = YES_AGGRESSIVE;
				CLANG_WARN_UNREACHABLE_CODE = YES;
				CLANG_WARN__DUPLICATE_METHOD_MATCH = YES;
				CODE_SIGN_IDENTITY = "iPhone Developer";
				COPY_PHASE_STRIP = NO;
				DEBUG_INFORMATION_FORMAT = dwarf;
				ENABLE_STRICT_OBJC_MSGSEND = YES;
				ENABLE_TESTABILITY = YES;
				GCC_C_LANGUAGE_STANDARD = gnu11;
				GCC_DYNAMIC_NO_PIC = NO;
				GCC_NO_COMMON_BLOCKS = YES;
				GCC_OPTIMIZATION_LEVEL = 0;
				GCC_PREPROCESSOR_DEFINITIONS = (
					"DEBUG=1",
					"$(inherited)",
				);
				GCC_WARN_64_TO_32_BIT_CONVERSION = YES;
				GCC_WARN_ABOUT_RETURN_TYPE = YES_ERROR;
				GCC_WARN_UNDECLARED_SELECTOR = YES;
				GCC_WARN_UNINITIALIZED_AUTOS = YES_AGGRESSIVE;
				GCC_WARN_UNUSED_FUNCTION = YES;
				GCC_WARN_UNUSED_VARIABLE = YES;
				IPHONEOS_DEPLOYMENT_TARGET = 11.1;
				MTL_ENABLE_DEBUG_INFO = YES;
				ONLY_ACTIVE_ARCH = YES;
				SDKROOT = iphoneos;
				SWIFT_ACTIVE_COMPILATION_CONDITIONS = DEBUG;
				SWIFT_OPTIMIZATION_LEVEL = "-Onone";
			};
			name = Debug;
		};
		958B71442079E3270035F0D6 /* Release */ = {
			isa = XCBuildConfiguration;
			buildSettings = {
				ALWAYS_SEARCH_USER_PATHS = NO;
				CLANG_ANALYZER_NONNULL = YES;
				CLANG_ANALYZER_NUMBER_OBJECT_CONVERSION = YES_AGGRESSIVE;
				CLANG_CXX_LANGUAGE_STANDARD = "gnu++14";
				CLANG_CXX_LIBRARY = "libc++";
				CLANG_ENABLE_MODULES = YES;
				CLANG_ENABLE_OBJC_ARC = YES;
				CLANG_WARN_BLOCK_CAPTURE_AUTORELEASING = YES;
				CLANG_WARN_BOOL_CONVERSION = YES;
				CLANG_WARN_COMMA = YES;
				CLANG_WARN_CONSTANT_CONVERSION = YES;
				CLANG_WARN_DIRECT_OBJC_ISA_USAGE = YES_ERROR;
				CLANG_WARN_DOCUMENTATION_COMMENTS = YES;
				CLANG_WARN_EMPTY_BODY = YES;
				CLANG_WARN_ENUM_CONVERSION = YES;
				CLANG_WARN_INFINITE_RECURSION = YES;
				CLANG_WARN_INT_CONVERSION = YES;
				CLANG_WARN_NON_LITERAL_NULL_CONVERSION = YES;
				CLANG_WARN_OBJC_LITERAL_CONVERSION = YES;
				CLANG_WARN_OBJC_ROOT_CLASS = YES_ERROR;
				CLANG_WARN_RANGE_LOOP_ANALYSIS = YES;
				CLANG_WARN_STRICT_PROTOTYPES = YES;
				CLANG_WARN_SUSPICIOUS_MOVE = YES;
				CLANG_WARN_UNGUARDED_AVAILABILITY = YES_AGGRESSIVE;
				CLANG_WARN_UNREACHABLE_CODE = YES;
				CLANG_WARN__DUPLICATE_METHOD_MATCH = YES;
				CODE_SIGN_IDENTITY = "iPhone Developer";
				COPY_PHASE_STRIP = NO;
				DEBUG_INFORMATION_FORMAT = "dwarf-with-dsym";
				ENABLE_NS_ASSERTIONS = NO;
				ENABLE_STRICT_OBJC_MSGSEND = YES;
				GCC_C_LANGUAGE_STANDARD = gnu11;
				GCC_NO_COMMON_BLOCKS = YES;
				GCC_WARN_64_TO_32_BIT_CONVERSION = YES;
				GCC_WARN_ABOUT_RETURN_TYPE = YES_ERROR;
				GCC_WARN_UNDECLARED_SELECTOR = YES;
				GCC_WARN_UNINITIALIZED_AUTOS = YES_AGGRESSIVE;
				GCC_WARN_UNUSED_FUNCTION = YES;
				GCC_WARN_UNUSED_VARIABLE = YES;
				IPHONEOS_DEPLOYMENT_TARGET = 11.1;
				MTL_ENABLE_DEBUG_INFO = NO;
				SDKROOT = iphoneos;
				SWIFT_OPTIMIZATION_LEVEL = "-Owholemodule";
				VALIDATE_PRODUCT = YES;
			};
			name = Release;
		};
		958B71462079E3270035F0D6 /* Debug */ = {
			isa = XCBuildConfiguration;
			buildSettings = {
				ASSETCATALOG_COMPILER_APPICON_NAME = AppIcon;
				CODE_SIGN_STYLE = Automatic;
				DEVELOPMENT_TEAM = 93ABGR5Q37;
				INFOPLIST_FILE = AppStore/Info.plist;
				IPHONEOS_DEPLOYMENT_TARGET = 9.0;
				LD_RUNPATH_SEARCH_PATHS = "$(inherited) @executable_path/Frameworks";
				PRODUCT_BUNDLE_IDENTIFIER = com.hoseong.app.AppStore;
				PRODUCT_NAME = "$(TARGET_NAME)";
				SWIFT_VERSION = 4.0;
				TARGETED_DEVICE_FAMILY = "1,2";
			};
			name = Debug;
		};
		958B71472079E3270035F0D6 /* Release */ = {
			isa = XCBuildConfiguration;
			buildSettings = {
				ASSETCATALOG_COMPILER_APPICON_NAME = AppIcon;
				CODE_SIGN_STYLE = Automatic;
				DEVELOPMENT_TEAM = 93ABGR5Q37;
				INFOPLIST_FILE = AppStore/Info.plist;
				IPHONEOS_DEPLOYMENT_TARGET = 9.0;
				LD_RUNPATH_SEARCH_PATHS = "$(inherited) @executable_path/Frameworks";
				PRODUCT_BUNDLE_IDENTIFIER = com.hoseong.app.AppStore;
				PRODUCT_NAME = "$(TARGET_NAME)";
				SWIFT_VERSION = 4.0;
				TARGETED_DEVICE_FAMILY = "1,2";
			};
			name = Release;
		};
		958B71492079E3270035F0D6 /* Debug */ = {
			isa = XCBuildConfiguration;
			buildSettings = {
				ALWAYS_EMBED_SWIFT_STANDARD_LIBRARIES = YES;
				BUNDLE_LOADER = "$(TEST_HOST)";
				CODE_SIGN_STYLE = Automatic;
				INFOPLIST_FILE = AppStoreTests/Info.plist;
				LD_RUNPATH_SEARCH_PATHS = "$(inherited) @executable_path/Frameworks @loader_path/Frameworks";
				PRODUCT_BUNDLE_IDENTIFIER = com.hoseong.app.AppStoreTests;
				PRODUCT_NAME = "$(TARGET_NAME)";
				SWIFT_VERSION = 4.0;
				TARGETED_DEVICE_FAMILY = "1,2";
				TEST_HOST = "$(BUILT_PRODUCTS_DIR)/AppStore.app/AppStore";
			};
			name = Debug;
		};
		958B714A2079E3270035F0D6 /* Release */ = {
			isa = XCBuildConfiguration;
			buildSettings = {
				ALWAYS_EMBED_SWIFT_STANDARD_LIBRARIES = YES;
				BUNDLE_LOADER = "$(TEST_HOST)";
				CODE_SIGN_STYLE = Automatic;
				INFOPLIST_FILE = AppStoreTests/Info.plist;
				LD_RUNPATH_SEARCH_PATHS = "$(inherited) @executable_path/Frameworks @loader_path/Frameworks";
				PRODUCT_BUNDLE_IDENTIFIER = com.hoseong.app.AppStoreTests;
				PRODUCT_NAME = "$(TARGET_NAME)";
				SWIFT_VERSION = 4.0;
				TARGETED_DEVICE_FAMILY = "1,2";
				TEST_HOST = "$(BUILT_PRODUCTS_DIR)/AppStore.app/AppStore";
			};
			name = Release;
		};
		958B714C2079E3270035F0D6 /* Debug */ = {
			isa = XCBuildConfiguration;
			buildSettings = {
				ALWAYS_EMBED_SWIFT_STANDARD_LIBRARIES = YES;
				CODE_SIGN_STYLE = Automatic;
				INFOPLIST_FILE = AppStoreUITests/Info.plist;
				LD_RUNPATH_SEARCH_PATHS = "$(inherited) @executable_path/Frameworks @loader_path/Frameworks";
				PRODUCT_BUNDLE_IDENTIFIER = com.hoseong.app.AppStoreUITests;
				PRODUCT_NAME = "$(TARGET_NAME)";
				SWIFT_VERSION = 4.0;
				TARGETED_DEVICE_FAMILY = "1,2";
				TEST_TARGET_NAME = AppStore;
			};
			name = Debug;
		};
		958B714D2079E3270035F0D6 /* Release */ = {
			isa = XCBuildConfiguration;
			buildSettings = {
				ALWAYS_EMBED_SWIFT_STANDARD_LIBRARIES = YES;
				CODE_SIGN_STYLE = Automatic;
				INFOPLIST_FILE = AppStoreUITests/Info.plist;
				LD_RUNPATH_SEARCH_PATHS = "$(inherited) @executable_path/Frameworks @loader_path/Frameworks";
				PRODUCT_BUNDLE_IDENTIFIER = com.hoseong.app.AppStoreUITests;
				PRODUCT_NAME = "$(TARGET_NAME)";
				SWIFT_VERSION = 4.0;
				TARGETED_DEVICE_FAMILY = "1,2";
				TEST_TARGET_NAME = AppStore;
			};
			name = Release;
		};
/* End XCBuildConfiguration section */

/* Begin XCConfigurationList section */
		958B71182079E3260035F0D6 /* Build configuration list for PBXProject "AppStore" */ = {
			isa = XCConfigurationList;
			buildConfigurations = (
				958B71432079E3270035F0D6 /* Debug */,
				958B71442079E3270035F0D6 /* Release */,
			);
			defaultConfigurationIsVisible = 0;
			defaultConfigurationName = Release;
		};
		958B71452079E3270035F0D6 /* Build configuration list for PBXNativeTarget "AppStore" */ = {
			isa = XCConfigurationList;
			buildConfigurations = (
				958B71462079E3270035F0D6 /* Debug */,
				958B71472079E3270035F0D6 /* Release */,
			);
			defaultConfigurationIsVisible = 0;
			defaultConfigurationName = Release;
		};
		958B71482079E3270035F0D6 /* Build configuration list for PBXNativeTarget "AppStoreTests" */ = {
			isa = XCConfigurationList;
			buildConfigurations = (
				958B71492079E3270035F0D6 /* Debug */,
				958B714A2079E3270035F0D6 /* Release */,
			);
			defaultConfigurationIsVisible = 0;
			defaultConfigurationName = Release;
		};
		958B714B2079E3270035F0D6 /* Build configuration list for PBXNativeTarget "AppStoreUITests" */ = {
			isa = XCConfigurationList;
			buildConfigurations = (
				958B714C2079E3270035F0D6 /* Debug */,
				958B714D2079E3270035F0D6 /* Release */,
			);
			defaultConfigurationIsVisible = 0;
			defaultConfigurationName = Release;
		};
/* End XCConfigurationList section */
	};
	rootObject = 958B71152079E3260035F0D6 /* Project object */;
}
